
Microsoft Visual Studio Solution File, Format Version 12.00
# Visual Studio Version 16
VisualStudioVersion = 16.0.31205.134
MinimumVisualStudioVersion = 10.0.40219.1
Project("{9A19103F-16F7-4668-BE54-9A1E7A4F7556}") = "InstallPackages", "InstallPackages\InstallPackages.csproj", "{5C1914BC-F43B-4CF6-9B2A-60BC75B006C0}"
EndProject
Global
	GlobalSection(SolutionConfigurationPlatforms) = preSolution
		Debug|ARM = Debug|ARM
		Debug|ARM64 = Debug|ARM64
		Debug|x64 = Debug|x64
		Debug|x86 = Debug|x86
		Release|ARM = Release|ARM
		Release|ARM64 = Release|ARM64
		Release|x64 = Release|x64
		Release|x86 = Release|x86
	EndGlobalSection
	GlobalSection(ProjectConfigurationPlatforms) = postSolution
		{5C1914BC-F43B-4CF6-9B2A-60BC75B006C0}.Debug|ARM.ActiveCfg = Debug|ARM
		{5C1914BC-F43B-4CF6-9B2A-60BC75B006C0}.Debug|ARM.Build.0 = Debug|ARM
		{5C1914BC-F43B-4CF6-9B2A-60BC75B006C0}.Debug|ARM64.ActiveCfg = Debug|ARM64
		{5C1914BC-F43B-4CF6-9B2A-60BC75B006C0}.Debug|ARM64.Build.0 = Debug|ARM64
		{5C1914BC-F43B-4CF6-9B2A-60BC75B006C0}.Debug|x64.ActiveCfg = Debug|x64
		{5C1914BC-F43B-4CF6-9B2A-60BC75B006C0}.Debug|x64.Build.0 = Debug|x64
		{5C1914BC-F43B-4CF6-9B2A-60BC75B006C0}.Debug|x86.ActiveCfg = Debug|x64
		{5C1914BC-F43B-4CF6-9B2A-60BC75B006C0}.Debug|x86.Build.0 = Debug|x64
		{5C1914BC-F43B-4CF6-9B2A-60BC75B006C0}.Release|ARM.ActiveCfg = Release|ARM
		{5C1914BC-F43B-4CF6-9B2A-60BC75B006C0}.Release|ARM.Build.0 = Release|ARM
		{5C1914BC-F43B-4CF6-9B2A-60BC75B006C0}.Release|ARM64.ActiveCfg = Release|ARM64
		{5C1914BC-F43B-4CF6-9B2A-60BC75B006C0}.Release|ARM64.Build.0 = Release|ARM64
		{5C1914BC-F43B-4CF6-9B2A-60BC75B006C0}.Release|x64.ActiveCfg = Release|x64
		{5C1914BC-F43B-4CF6-9B2A-60BC75B006C0}.Release|x64.Build.0 = Release|x64
		{5C1914BC-F43B-4CF6-9B2A-60BC75B006C0}.Release|x86.ActiveCfg = Release|x86
		{5C1914BC-F43B-4CF6-9B2A-60BC75B006C0}.Release|x86.Build.0 = Release|x86
	EndGlobalSection
	GlobalSection(SolutionProperties) = preSolution
		HideSolutionNode = FALSE
	EndGlobalSection
	GlobalSection(ExtensibilityGlobals) = postSolution
		SolutionGuid = {97E92766-88BB-45BF-9D3B-FC202DF2034F}
	EndGlobalSection
EndGlobal
